
Microsoft Visual Studio Solution File, Format Version 12.00
# Visual Studio Version 17
VisualStudioVersion = 17.4.33213.308
MinimumVisualStudioVersion = 10.0.40219.1
Project("{9A19103F-16F7-4668-BE54-9A1E7A4F7556}") = "CitizenDemo.CitizenAPI", "CitizenDemo.CitizenAPI\CitizenDemo.CitizenAPI.csproj", "{DADB9C13-6E5D-4DCF-AF00-D97642AE8FE3}"
EndProject
Project("{9A19103F-16F7-4668-BE54-9A1E7A4F7556}") = "CitizenDemo.ResourceAPI", "CitizenDemo.ResourceAPI\CitizenDemo.ResourceAPI.csproj", "{11E3853D-75A9-47D4-9755-CEFDF4747FD1}"
EndProject
Project("{9A19103F-16F7-4668-BE54-9A1E7A4F7556}") = "CitizenDemo.LoadGenerator", "CitizenDemo.LoadGenerator\CitizenDemo.LoadGenerator.csproj", "{732F858A-5015-4ED1-AF8A-9325B845CA3F}"
EndProject
Project("{E53339B2-1760-4266-BCC7-CA923CBCF16C}") = "CitizenDemo.DockerCompose", "CitizenDemo.DockerCompose\CitizenDemo.DockerCompose.dcproj", "{3A092210-FFCB-4170-82A8-581FD35A2D79}"
EndProject
Global
	GlobalSection(SolutionConfigurationPlatforms) = preSolution
		Debug|Any CPU = Debug|Any CPU
		Release|Any CPU = Release|Any CPU
	EndGlobalSection
	GlobalSection(ProjectConfigurationPlatforms) = postSolution
		{DADB9C13-6E5D-4DCF-AF00-D97642AE8FE3}.Debug|Any CPU.ActiveCfg = Debug|Any CPU
		{DADB9C13-6E5D-4DCF-AF00-D97642AE8FE3}.Debug|Any CPU.Build.0 = Debug|Any CPU
		{DADB9C13-6E5D-4DCF-AF00-D97642AE8FE3}.Release|Any CPU.ActiveCfg = Release|Any CPU
		{DADB9C13-6E5D-4DCF-AF00-D97642AE8FE3}.Release|Any CPU.Build.0 = Release|Any CPU
		{11E3853D-75A9-47D4-9755-CEFDF4747FD1}.Debug|Any CPU.ActiveCfg = Debug|Any CPU
		{11E3853D-75A9-47D4-9755-CEFDF4747FD1}.Debug|Any CPU.Build.0 = Debug|Any CPU
		{11E3853D-75A9-47D4-9755-CEFDF4747FD1}.Release|Any CPU.ActiveCfg = Release|Any CPU
		{11E3853D-75A9-47D4-9755-CEFDF4747FD1}.Release|Any CPU.Build.0 = Release|Any CPU
		{732F858A-5015-4ED1-AF8A-9325B845CA3F}.Debug|Any CPU.ActiveCfg = Debug|Any CPU
		{732F858A-5015-4ED1-AF8A-9325B845CA3F}.Debug|Any CPU.Build.0 = Debug|Any CPU
		{732F858A-5015-4ED1-AF8A-9325B845CA3F}.Release|Any CPU.ActiveCfg = Release|Any CPU
		{732F858A-5015-4ED1-AF8A-9325B845CA3F}.Release|Any CPU.Build.0 = Release|Any CPU
		{3A092210-FFCB-4170-82A8-581FD35A2D79}.Debug|Any CPU.ActiveCfg = Debug|Any CPU
		{3A092210-FFCB-4170-82A8-581FD35A2D79}.Debug|Any CPU.Build.0 = Debug|Any CPU
		{3A092210-FFCB-4170-82A8-581FD35A2D79}.Release|Any CPU.ActiveCfg = Release|Any CPU
		{3A092210-FFCB-4170-82A8-581FD35A2D79}.Release|Any CPU.Build.0 = Release|Any CPU
	EndGlobalSection
	GlobalSection(SolutionProperties) = preSolution
		HideSolutionNode = FALSE
	EndGlobalSection
	GlobalSection(ExtensibilityGlobals) = postSolution
		SolutionGuid = {5E8DCBAC-1117-4B9A-A666-51B21AAB46F0}
	EndGlobalSection
EndGlobal
